
Microsoft Visual Studio Solution File, Format Version 12.00
# Visual Studio Version 17
VisualStudioVersion = 17.9.34728.123
MinimumVisualStudioVersion = 10.0.40219.1
Project("{FAE04EC0-301F-11D3-BF4B-00C04F79EFBC}") = "RunGroupWebApp", "RunGroupWebApp\RunGroupWebApp.csproj", "{81AFA1A7-1311-4169-989A-C0658174F432}"
EndProject
Global
	GlobalSection(SolutionConfigurationPlatforms) = preSolution
		Debug|Any CPU = Debug|Any CPU
		Release|Any CPU = Release|Any CPU
	EndGlobalSection
	GlobalSection(ProjectConfigurationPlatforms) = postSolution
		{81AFA1A7-1311-4169-989A-C0658174F432}.Debug|Any CPU.ActiveCfg = Debug|Any CPU
		{81AFA1A7-1311-4169-989A-C0658174F432}.Debug|Any CPU.Build.0 = Debug|Any CPU
		{81AFA1A7-1311-4169-989A-C0658174F432}.Release|Any CPU.ActiveCfg = Release|Any CPU
		{81AFA1A7-1311-4169-989A-C0658174F432}.Release|Any CPU.Build.0 = Release|Any CPU
	EndGlobalSection
	GlobalSection(SolutionProperties) = preSolution
		HideSolutionNode = FALSE
	EndGlobalSection
	GlobalSection(ExtensibilityGlobals) = postSolution
		SolutionGuid = {D0158B87-F6AB-4F7C-9BF9-7F8DA4D1FC9A}
	EndGlobalSection
EndGlobal
